
Microsoft Visual Studio Solution File, Format Version 12.00
# Visual Studio Version 17
VisualStudioVersion = 17.2.32616.157
MinimumVisualStudioVersion = 10.0.40219.1
Project("{9A19103F-16F7-4668-BE54-9A1E7A4F7556}") = "ekutuphane.business", "ekutuphane.business\ekutuphane.business.csproj", "{DF5238AD-79BE-420B-A5D4-6D0038432285}"
EndProject
Project("{9A19103F-16F7-4668-BE54-9A1E7A4F7556}") = "ekutuphane.data", "ekutuphane.data\ekutuphane.data.csproj", "{02D50DB5-2761-4DC8-9455-7C95926B486F}"
EndProject
Project("{9A19103F-16F7-4668-BE54-9A1E7A4F7556}") = "ekutuphane.entity", "ekutuphane.entity\ekutuphane.entity.csproj", "{77FE458C-FC56-4398-AB33-6DB0740783E3}"
EndProject
Project("{9A19103F-16F7-4668-BE54-9A1E7A4F7556}") = "ekutuphane.webui", "ekutuphane.webui\ekutuphane.webui.csproj", "{6D128088-F8CE-412A-97D2-0C84F44F3840}"
EndProject
Global
	GlobalSection(SolutionConfigurationPlatforms) = preSolution
		Debug|Any CPU = Debug|Any CPU
		Release|Any CPU = Release|Any CPU
	EndGlobalSection
	GlobalSection(ProjectConfigurationPlatforms) = postSolution
		{DF5238AD-79BE-420B-A5D4-6D0038432285}.Debug|Any CPU.ActiveCfg = Debug|Any CPU
		{DF5238AD-79BE-420B-A5D4-6D0038432285}.Debug|Any CPU.Build.0 = Debug|Any CPU
		{DF5238AD-79BE-420B-A5D4-6D0038432285}.Release|Any CPU.ActiveCfg = Release|Any CPU
		{DF5238AD-79BE-420B-A5D4-6D0038432285}.Release|Any CPU.Build.0 = Release|Any CPU
		{02D50DB5-2761-4DC8-9455-7C95926B486F}.Debug|Any CPU.ActiveCfg = Debug|Any CPU
		{02D50DB5-2761-4DC8-9455-7C95926B486F}.Debug|Any CPU.Build.0 = Debug|Any CPU
		{02D50DB5-2761-4DC8-9455-7C95926B486F}.Release|Any CPU.ActiveCfg = Release|Any CPU
		{02D50DB5-2761-4DC8-9455-7C95926B486F}.Release|Any CPU.Build.0 = Release|Any CPU
		{77FE458C-FC56-4398-AB33-6DB0740783E3}.Debug|Any CPU.ActiveCfg = Debug|Any CPU
		{77FE458C-FC56-4398-AB33-6DB0740783E3}.Debug|Any CPU.Build.0 = Debug|Any CPU
		{77FE458C-FC56-4398-AB33-6DB0740783E3}.Release|Any CPU.ActiveCfg = Release|Any CPU
		{77FE458C-FC56-4398-AB33-6DB0740783E3}.Release|Any CPU.Build.0 = Release|Any CPU
		{6D128088-F8CE-412A-97D2-0C84F44F3840}.Debug|Any CPU.ActiveCfg = Debug|Any CPU
		{6D128088-F8CE-412A-97D2-0C84F44F3840}.Debug|Any CPU.Build.0 = Debug|Any CPU
		{6D128088-F8CE-412A-97D2-0C84F44F3840}.Release|Any CPU.ActiveCfg = Release|Any CPU
		{6D128088-F8CE-412A-97D2-0C84F44F3840}.Release|Any CPU.Build.0 = Release|Any CPU
	EndGlobalSection
	GlobalSection(SolutionProperties) = preSolution
		HideSolutionNode = FALSE
	EndGlobalSection
	GlobalSection(ExtensibilityGlobals) = postSolution
		SolutionGuid = {9D18FFC5-507D-4DA2-BC16-79E132638FDF}
	EndGlobalSection
EndGlobal
